// !$*UTF8*$!
{
	archiveVersion = 1;
	classes = {
	};
	objectVersion = 46;
	objects = {

/* Begin PBXBuildFile section */
		D9045E9B1EBC5FA1004967AC /* AppDelegate.swift in Sources */ = {isa = PBXBuildFile; fileRef = D9045E9A1EBC5FA1004967AC /* AppDelegate.swift */; };
		D9045E9D1EBC5FA1004967AC /* ViewController.swift in Sources */ = {isa = PBXBuildFile; fileRef = D9045E9C1EBC5FA1004967AC /* ViewController.swift */; };
		D9045EA01EBC5FA1004967AC /* Main.storyboard in Resources */ = {isa = PBXBuildFile; fileRef = D9045E9E1EBC5FA1004967AC /* Main.storyboard */; };
		D9045EA21EBC5FA1004967AC /* Assets.xcassets in Resources */ = {isa = PBXBuildFile; fileRef = D9045EA11EBC5FA1004967AC /* Assets.xcassets */; };
		D9045EA51EBC5FA1004967AC /* LaunchScreen.storyboard in Resources */ = {isa = PBXBuildFile; fileRef = D9045EA31EBC5FA1004967AC /* LaunchScreen.storyboard */; };
		D9045EAE1EBC602C004967AC /* UCLoadingButton.swift in Sources */ = {isa = PBXBuildFile; fileRef = D9045EAD1EBC602C004967AC /* UCLoadingButton.swift */; };
/* End PBXBuildFile section */

/* Begin PBXFileReference section */
		D9045E971EBC5FA1004967AC /* UCLoadingButton.app */ = {isa = PBXFileReference; explicitFileType = wrapper.application; includeInIndex = 0; path = UCLoadingButton.app; sourceTree = BUILT_PRODUCTS_DIR; };
		D9045E9A1EBC5FA1004967AC /* AppDelegate.swift */ = {isa = PBXFileReference; lastKnownFileType = sourcecode.swift; path = AppDelegate.swift; sourceTree = "<group>"; };
		D9045E9C1EBC5FA1004967AC /* ViewController.swift */ = {isa = PBXFileReference; lastKnownFileType = sourcecode.swift; path = ViewController.swift; sourceTree = "<group>"; };
		D9045E9F1EBC5FA1004967AC /* Base */ = {isa = PBXFileReference; lastKnownFileType = file.storyboard; name = Base; path = Base.lproj/Main.storyboard; sourceTree = "<group>"; };
		D9045EA11EBC5FA1004967AC /* Assets.xcassets */ = {isa = PBXFileReference; lastKnownFileType = folder.assetcatalog; path = Assets.xcassets; sourceTree = "<group>"; };
		D9045EA41EBC5FA1004967AC /* Base */ = {isa = PBXFileReference; lastKnownFileType = file.storyboard; name = Base; path = Base.lproj/LaunchScreen.storyboard; sourceTree = "<group>"; };
		D9045EA61EBC5FA1004967AC /* Info.plist */ = {isa = PBXFileReference; lastKnownFileType = text.plist.xml; path = Info.plist; sourceTree = "<group>"; };
		D9045EAD1EBC602C004967AC /* UCLoadingButton.swift */ = {isa = PBXFileReference; fileEncoding = 4; lastKnownFileType = sourcecode.swift; path = UCLoadingButton.swift; sourceTree = "<group>"; };
/* End PBXFileReference section */

/* Begin PBXFrameworksBuildPhase section */
		D9045E941EBC5FA1004967AC /* Frameworks */ = {
			isa = PBXFrameworksBuildPhase;
			buildActionMask = 2147483647;
			files = (
			);
			runOnlyForDeploymentPostprocessing = 0;
		};
/* End PBXFrameworksBuildPhase section */

/* Begin PBXGroup section */
		D9045E8E1EBC5FA1004967AC = {
			isa = PBXGroup;
			children = (
				D9045E991EBC5FA1004967AC /* UCLoadingButton */,
				D9045E981EBC5FA1004967AC /* Products */,
			);
			sourceTree = "<group>";
		};
		D9045E981EBC5FA1004967AC /* Products */ = {
			isa = PBXGroup;
			children = (
				D9045E971EBC5FA1004967AC /* UCLoadingButton.app */,
			);
			name = Products;
			sourceTree = "<group>";
		};
		D9045E991EBC5FA1004967AC /* UCLoadingButton */ = {
			isa = PBXGroup;
			children = (
				D9045EAC1EBC6011004967AC /* UCLoadingButton */,
				D9045E9A1EBC5FA1004967AC /* AppDelegate.swift */,
				D9045E9C1EBC5FA1004967AC /* ViewController.swift */,
				D9045E9E1EBC5FA1004967AC /* Main.storyboard */,
				D9045EA11EBC5FA1004967AC /* Assets.xcassets */,
				D9045EA31EBC5FA1004967AC /* LaunchScreen.storyboard */,
				D9045EA61EBC5FA1004967AC /* Info.plist */,
			);
			path = UCLoadingButton;
			sourceTree = "<group>";
		};
		D9045EAC1EBC6011004967AC /* UCLoadingButton */ = {
			isa = PBXGroup;
			children = (
				D9045EAD1EBC602C004967AC /* UCLoadingButton.swift */,
			);
			path = UCLoadingButton;
			sourceTree = "<group>";
		};
/* End PBXGroup section */

/* Begin PBXNativeTarget section */
		D9045E961EBC5FA1004967AC /* UCLoadingButton */ = {
			isa = PBXNativeTarget;
			buildConfigurationList = D9045EA91EBC5FA1004967AC /* Build configuration list for PBXNativeTarget "UCLoadingButton" */;
			buildPhases = (
				D9045E931EBC5FA1004967AC /* Sources */,
				D9045E941EBC5FA1004967AC /* Frameworks */,
				D9045E951EBC5FA1004967AC /* Resources */,
			);
			buildRules = (
			);
			dependencies = (
			);
			name = UCLoadingButton;
			productName = UCLoadingButton;
			productReference = D9045E971EBC5FA1004967AC /* UCLoadingButton.app */;
			productType = "com.apple.product-type.application";
		};
/* End PBXNativeTarget section */

/* Begin PBXProject section */
		D9045E8F1EBC5FA1004967AC /* Project object */ = {
			isa = PBXProject;
			attributes = {
				LastSwiftUpdateCheck = 0830;
				LastUpgradeCheck = 0830;
				ORGANIZATIONNAME = "B&D";
				TargetAttributes = {
					D9045E961EBC5FA1004967AC = {
						CreatedOnToolsVersion = 8.3.2;
						DevelopmentTeam = U76D6E368Z;
						ProvisioningStyle = Automatic;
					};
				};
			};
			buildConfigurationList = D9045E921EBC5FA1004967AC /* Build configuration list for PBXProject "UCLoadingButton" */;
			compatibilityVersion = "Xcode 3.2";
			developmentRegion = English;
			hasScannedForEncodings = 0;
			knownRegions = (
				en,
				Base,
			);
			mainGroup = D9045E8E1EBC5FA1004967AC;
			productRefGroup = D9045E981EBC5FA1004967AC /* Products */;
			projectDirPath = "";
			projectRoot = "";
			targets = (
				D9045E961EBC5FA1004967AC /* UCLoadingButton */,
			);
		};
/* End PBXProject section */

/* Begin PBXResourcesBuildPhase section */
		D9045E951EBC5FA1004967AC /* Resources */ = {
			isa = PBXResourcesBuildPhase;
			buildActionMask = 2147483647;
			files = (
				D9045EA51EBC5FA1004967AC /* LaunchScreen.storyboard in Resources */,
				D9045EA21EBC5FA1004967AC /* Assets.xcassets in Resources */,
				D9045EA01EBC5FA1004967AC /* Main.storyboard in Resources */,
			);
			runOnlyForDeploymentPostprocessing = 0;
		};
/* End PBXResourcesBuildPhase section */

/* Begin PBXSourcesBuildPhase section */
		D9045E931EBC5FA1004967AC /* Sources */ = {
			isa = PBXSourcesBuildPhase;
			buildActionMask = 2147483647;
			files = (
				D9045EAE1EBC602C004967AC /* UCLoadingButton.swift in Sources */,
				D9045E9D1EBC5FA1004967AC /* ViewController.swift in Sources */,
				D9045E9B1EBC5FA1004967AC /* AppDelegate.swift in Sources */,
			);
			runOnlyForDeploymentPostprocessing = 0;
		};
/* End PBXSourcesBuildPhase section */

/* Begin PBXVariantGroup section */
		D9045E9E1EBC5FA1004967AC /* Main.storyboard */ = {
			isa = PBXVariantGroup;
			children = (
				D9045E9F1EBC5FA1004967AC /* Base */,
			);
			name = Main.storyboard;
			sourceTree = "<group>";
		};
		D9045EA31EBC5FA1004967AC /* LaunchScreen.storyboard */ = {
			isa = PBXVariantGroup;
			children = (
				D9045EA41EBC5FA1004967AC /* Base */,
			);
			name = LaunchScreen.storyboard;
			sourceTree = "<group>";
		};
/* End PBXVariantGroup section */

/* Begin XCBuildConfiguration section */
		D9045EA71EBC5FA1004967AC /* Debug */ = {
			isa = XCBuildConfiguration;
			buildSettings = {
				ALWAYS_SEARCH_USER_PATHS = NO;
				CLANG_ANALYZER_NONNULL = YES;
				CLANG_ANALYZER_NUMBER_OBJECT_CONVERSION = YES_AGGRESSIVE;
				CLANG_CXX_LANGUAGE_STANDARD = "gnu++0x";
				CLANG_CXX_LIBRARY = "libc++";
				CLANG_ENABLE_MODULES = YES;
				CLANG_ENABLE_OBJC_ARC = YES;
				CLANG_WARN_BOOL_CONVERSION = YES;
				CLANG_WARN_CONSTANT_CONVERSION = YES;
				CLANG_WARN_DIRECT_OBJC_ISA_USAGE = YES_ERROR;
				CLANG_WARN_DOCUMENTATION_COMMENTS = YES;
				CLANG_WARN_EMPTY_BODY = YES;
				CLANG_WARN_ENUM_CONVERSION = YES;
				CLANG_WARN_INFINITE_RECURSION = YES;
				CLANG_WARN_INT_CONVERSION = YES;
				CLANG_WARN_OBJC_ROOT_CLASS = YES_ERROR;
				CLANG_WARN_SUSPICIOUS_MOVE = YES;
				CLANG_WARN_UNREACHABLE_CODE = YES;
				CLANG_WARN__DUPLICATE_METHOD_MATCH = YES;
				"CODE_SIGN_IDENTITY[sdk=iphoneos*]" = "iPhone Developer";
				COPY_PHASE_STRIP = NO;
				DEBUG_INFORMATION_FORMAT = dwarf;
				ENABLE_STRICT_OBJC_MSGSEND = YES;
				ENABLE_TESTABILITY = YES;
				GCC_C_LANGUAGE_STANDARD = gnu99;
				GCC_DYNAMIC_NO_PIC = NO;
				GCC_NO_COMMON_BLOCKS = YES;
				GCC_OPTIMIZATION_LEVEL = 0;
				GCC_PREPROCESSOR_DEFINITIONS = (
					"DEBUG=1",
					"$(inherited)",
				);
				GCC_WARN_64_TO_32_BIT_CONVERSION = YES;
				GCC_WARN_ABOUT_RETURN_TYPE = YES_ERROR;
				GCC_WARN_UNDECLARED_SELECTOR = YES;
				GCC_WARN_UNINITIALIZED_AUTOS = YES_AGGRESSIVE;
				GCC_WARN_UNUSED_FUNCTION = YES;
				GCC_WARN_UNUSED_VARIABLE = YES;
				IPHONEOS_DEPLOYMENT_TARGET = 10.3;
				MTL_ENABLE_DEBUG_INFO = YES;
				ONLY_ACTIVE_ARCH = YES;
				SDKROOT = iphoneos;
				SWIFT_ACTIVE_COMPILATION_CONDITIONS = DEBUG;
				SWIFT_OPTIMIZATION_LEVEL = "-Onone";
				TARGETED_DEVICE_FAMILY = "1,2";
			};
			name = Debug;
		};
		D9045EA81EBC5FA1004967AC /* Release */ = {
			isa = XCBuildConfiguration;
			buildSettings = {
				ALWAYS_SEARCH_USER_PATHS = NO;
				CLANG_ANALYZER_NONNULL = YES;
				CLANG_ANALYZER_NUMBER_OBJECT_CONVERSION = YES_AGGRESSIVE;
				CLANG_CXX_LANGUAGE_STANDARD = "gnu++0x";
				CLANG_CXX_LIBRARY = "libc++";
				CLANG_ENABLE_MODULES = YES;
				CLANG_ENABLE_OBJC_ARC = YES;
				CLANG_WARN_BOOL_CONVERSION = YES;
				CLANG_WARN_CONSTANT_CONVERSION = YES;
				CLANG_WARN_DIRECT_OBJC_ISA_USAGE = YES_ERROR;
				CLANG_WARN_DOCUMENTATION_COMMENTS = YES;
				CLANG_WARN_EMPTY_BODY = YES;
				CLANG_WARN_ENUM_CONVERSION = YES;
				CLANG_WARN_INFINITE_RECURSION = YES;
				CLANG_WARN_INT_CONVERSION = YES;
				CLANG_WARN_OBJC_ROOT_CLASS = YES_ERROR;
				CLANG_WARN_SUSPICIOUS_MOVE = YES;
				CLANG_WARN_UNREACHABLE_CODE = YES;
				CLANG_WARN__DUPLICATE_METHOD_MATCH = YES;
				"CODE_SIGN_IDENTITY[sdk=iphoneos*]" = "iPhone Developer";
				COPY_PHASE_STRIP = NO;
				DEBUG_INFORMATION_FORMAT = "dwarf-with-dsym";
				ENABLE_NS_ASSERTIONS = NO;
				ENABLE_STRICT_OBJC_MSGSEND = YES;
				GCC_C_LANGUAGE_STANDARD = gnu99;
				GCC_NO_COMMON_BLOCKS = YES;
				GCC_WARN_64_TO_32_BIT_CONVERSION = YES;
				GCC_WARN_ABOUT_RETURN_TYPE = YES_ERROR;
				GCC_WARN_UNDECLARED_SELECTOR = YES;
				GCC_WARN_UNINITIALIZED_AUTOS = YES_AGGRESSIVE;
				GCC_WARN_UNUSED_FUNCTION = YES;
				GCC_WARN_UNUSED_VARIABLE = YES;
				IPHONEOS_DEPLOYMENT_TARGET = 10.3;
				MTL_ENABLE_DEBUG_INFO = NO;
				SDKROOT = iphoneos;
				SWIFT_OPTIMIZATION_LEVEL = "-Owholemodule";
				TARGETED_DEVICE_FAMILY = "1,2";
				VALIDATE_PRODUCT = YES;
			};
			name = Release;
		};
		D9045EAA1EBC5FA1004967AC /* Debug */ = {
			isa = XCBuildConfiguration;
			buildSettings = {
				ASSETCATALOG_COMPILER_APPICON_NAME = AppIcon;
				DEVELOPMENT_TEAM = U76D6E368Z;
				INFOPLIST_FILE = UCLoadingButton/Info.plist;
				LD_RUNPATH_SEARCH_PATHS = "$(inherited) @executable_path/Frameworks";
				PRODUCT_BUNDLE_IDENTIFIER = be.mohamedz.UCLoadingButton;
				PRODUCT_NAME = "$(TARGET_NAME)";
				SWIFT_VERSION = 3.0;
			};
			name = Debug;
		};
		D9045EAB1EBC5FA1004967AC /* Release */ = {
			isa = XCBuildConfiguration;
			buildSettings = {
				ASSETCATALOG_COMPILER_APPICON_NAME = AppIcon;
				DEVELOPMENT_TEAM = U76D6E368Z;
				INFOPLIST_FILE = UCLoadingButton/Info.plist;
				LD_RUNPATH_SEARCH_PATHS = "$(inherited) @executable_path/Frameworks";
				PRODUCT_BUNDLE_IDENTIFIER = be.mohamedz.UCLoadingButton;
				PRODUCT_NAME = "$(TARGET_NAME)";
				SWIFT_VERSION = 3.0;
			};
			name = Release;
		};
/* End XCBuildConfiguration section */

/* Begin XCConfigurationList section */
		D9045E921EBC5FA1004967AC /* Build configuration list for PBXProject "UCLoadingButton" */ = {
			isa = XCConfigurationList;
			buildConfigurations = (
				D9045EA71EBC5FA1004967AC /* Debug */,
				D9045EA81EBC5FA1004967AC /* Release */,
			);
			defaultConfigurationIsVisible = 0;
			defaultConfigurationName = Release;
		};
		D9045EA91EBC5FA1004967AC /* Build configuration list for PBXNativeTarget "UCLoadingButton" */ = {
			isa = XCConfigurationList;
			buildConfigurations = (
				D9045EAA1EBC5FA1004967AC /* Debug */,
				D9045EAB1EBC5FA1004967AC /* Release */,
			);
			defaultConfigurationIsVisible = 0;
			defaultConfigurationName = Release;
		};
/* End XCConfigurationList section */
	};
	rootObject = D9045E8F1EBC5FA1004967AC /* Project object */;
}
